{
  "version": 4,
  "terraform_version": "1.9.3",
  "serial": 11,
  "lineage": "b1a05492-4af4-3816-09dd-45eb2506df18",
  "outputs": {},
  "resources": [
    {
      "mode": "data",
      "type": "spotify_search_track",
      "name": "eminem",
      "provider": "provider[\"registry.terraform.io/conradludgate/spotify\"]",
      "instances": [
        {
          "schema_version": 0,
          "attributes": {
            "album": null,
            "artist": "Eminen",
            "explicit": true,
            "id": "1722363506",
            "limit": 10,
            "name": null,
            "tracks": [
              {
                "album": "3NP0OqCxLrupeuuAApm2Sx",
                "artists": [
                  "1hHhlYmo4C03IoCJ7RnpS2"
                ],
                "id": "5AFtONrwQluJNxd2kZ28nL",
                "name": "Falling"
              },
              {
                "album": "12mPk9h5lTB4W8L6R1DXCl",
                "artists": [
                  "0dWgwg2PrMb0anIa3sEFWE",
                  "6Z1agDWtABPGOGoWY0ZWyu",
                  "5BEd0FTdSuSQhEBOOcWvf4",
                  "5XNuq0I9HEgEDgp7ZlL9Hk"
                ],
                "id": "708SneQKGyDYblRaYs9lZE",
                "name": "El momento"
              },
              {
                "album": "7lgKvlj32DvV6YiBsnhTlF",
                "artists": [
                  "4iONGlZzuklnaC4vbIHYHu"
                ],
                "id": "5tkRSffcvdTrgx9RL0Ksu7",
                "name": "Memories from Days Far Away"
              },
              {
                "album": "2FyuA1eVjdqOCF2b0MJ0ex",
                "artists": [
                  "4iONGlZzuklnaC4vbIHYHu"
                ],
                "id": "6sMGVt2mLOSjFXcYs1PBdR",
                "name": "Death Note Suite"
              },
              {
                "album": "7lgKvlj32DvV6YiBsnhTlF",
                "artists": [
                  "4iONGlZzuklnaC4vbIHYHu"
                ],
                "id": "5pj5aUI2t5D0o9GkniUVDI",
                "name": "One More Time, One More Chance (Instrumental)"
              },
              {
                "album": "2FyuA1eVjdqOCF2b0MJ0ex",
                "artists": [
                  "4iONGlZzuklnaC4vbIHYHu"
                ],
                "id": "2jpcucZ7Ap5j2hyQbDEGSn",
                "name": "Laputa: Castle In the Sky Suite"
              },
              {
                "album": "7lgKvlj32DvV6YiBsnhTlF",
                "artists": [
                  "4iONGlZzuklnaC4vbIHYHu"
                ],
                "id": "5GavgwWP908j9LdgPKDn9B",
                "name": "Kanae's Feelings"
              },
              {
                "album": "7lgKvlj32DvV6YiBsnhTlF",
                "artists": [
                  "4iONGlZzuklnaC4vbIHYHu"
                ],
                "id": "7IHQEAg296GaetZVOgD3f6",
                "name": "Sayuri"
              },
              {
                "album": "7lgKvlj32DvV6YiBsnhTlF",
                "artists": [
                  "4iONGlZzuklnaC4vbIHYHu"
                ],
                "id": "2IOOvA72W0xm5Dbo6doDjx",
                "name": "Main Theme (From \"The Place Promised in Our Early Days\")"
              },
              {
                "album": "7lgKvlj32DvV6YiBsnhTlF",
                "artists": [
                  "4iONGlZzuklnaC4vbIHYHu"
                ],
                "id": "2dZFjp8yFQNsgoNtfsCR7r",
                "name": "Through the Years \u0026 Far Away"
              }
            ],
            "year": null
          },
          "sensitive_attributes": []
        }
      ]
    },
    {
      "mode": "managed",
      "type": "spotify_playlist",
      "name": "Hollywood",
      "provider": "provider[\"registry.terraform.io/conradludgate/spotify\"]",
      "instances": [
        {
          "schema_version": 0,
          "attributes": {
            "description": "",
            "id": "2tIO5d9Lz8cVK57s7tEHAN",
            "name": "Hollywood",
            "public": true,
            "snapshot_id": "AAAAAoRdwn/MHZBVEkwFXK0rUj2GfL6P",
            "tracks": [
              "16kiQQ4BoLHDyj5W2fkfNK"
            ]
          },
          "sensitive_attributes": [],
          "private": "bnVsbA=="
        }
      ]
    },
    {
      "mode": "managed",
      "type": "spotify_playlist",
      "name": "slimshady",
      "provider": "provider[\"registry.terraform.io/conradludgate/spotify\"]",
      "instances": [
        {
          "schema_version": 0,
          "attributes": {
            "description": "",
            "id": "1JQLrqjdaEhjOJg9dng2eI",
            "name": "slimshady",
            "public": true,
            "snapshot_id": "AAAAA7N643jakL0NIabLItGpvaaNHn1Q",
            "tracks": [
              "5AFtONrwQluJNxd2kZ28nL",
              "708SneQKGyDYblRaYs9lZE",
              "5tkRSffcvdTrgx9RL0Ksu7",
              "6sMGVt2mLOSjFXcYs1PBdR"
            ]
          },
          "sensitive_attributes": [],
          "private": "bnVsbA==",
          "dependencies": [
            "data.spotify_search_track.eminem"
          ]
        }
      ]
    }
  ],
  "check_results": null
}
